
Microsoft Visual Studio Solution File, Format Version 12.00
# Visual Studio Version 17
VisualStudioVersion = 17.6.33815.320
MinimumVisualStudioVersion = 10.0.40219.1
Project("{FAE04EC0-301F-11D3-BF4B-00C04F79EFBC}") = "Phase1Section4.31", "Phase1Section4.31\Phase1Section4.31.csproj", "{4EF70C9B-0A07-4F43-AFC7-D9E48A030A68}"
EndProject
Global
	GlobalSection(SolutionConfigurationPlatforms) = preSolution
		Debug|Any CPU = Debug|Any CPU
		Release|Any CPU = Release|Any CPU
	EndGlobalSection
	GlobalSection(ProjectConfigurationPlatforms) = postSolution
		{4EF70C9B-0A07-4F43-AFC7-D9E48A030A68}.Debug|Any CPU.ActiveCfg = Debug|Any CPU
		{4EF70C9B-0A07-4F43-AFC7-D9E48A030A68}.Debug|Any CPU.Build.0 = Debug|Any CPU
		{4EF70C9B-0A07-4F43-AFC7-D9E48A030A68}.Release|Any CPU.ActiveCfg = Release|Any CPU
		{4EF70C9B-0A07-4F43-AFC7-D9E48A030A68}.Release|Any CPU.Build.0 = Release|Any CPU
	EndGlobalSection
	GlobalSection(SolutionProperties) = preSolution
		HideSolutionNode = FALSE
	EndGlobalSection
	GlobalSection(ExtensibilityGlobals) = postSolution
		SolutionGuid = {8CDFACC5-B2BE-423A-AEB8-9EBAA5A4DB31}
	EndGlobalSection
EndGlobal
