
Microsoft Visual Studio Solution File, Format Version 12.00
# Visual Studio Version 17
VisualStudioVersion = 17.6.33815.320
MinimumVisualStudioVersion = 10.0.40219.1
Project("{FAE04EC0-301F-11D3-BF4B-00C04F79EFBC}") = "Phase1Section3.12", "Phase1Section3.12\Phase1Section3.12.csproj", "{9D6A781C-D683-44D4-A144-2787696646ED}"
EndProject
Global
	GlobalSection(SolutionConfigurationPlatforms) = preSolution
		Debug|Any CPU = Debug|Any CPU
		Release|Any CPU = Release|Any CPU
	EndGlobalSection
	GlobalSection(ProjectConfigurationPlatforms) = postSolution
		{9D6A781C-D683-44D4-A144-2787696646ED}.Debug|Any CPU.ActiveCfg = Debug|Any CPU
		{9D6A781C-D683-44D4-A144-2787696646ED}.Debug|Any CPU.Build.0 = Debug|Any CPU
		{9D6A781C-D683-44D4-A144-2787696646ED}.Release|Any CPU.ActiveCfg = Release|Any CPU
		{9D6A781C-D683-44D4-A144-2787696646ED}.Release|Any CPU.Build.0 = Release|Any CPU
	EndGlobalSection
	GlobalSection(SolutionProperties) = preSolution
		HideSolutionNode = FALSE
	EndGlobalSection
	GlobalSection(ExtensibilityGlobals) = postSolution
		SolutionGuid = {73591260-803A-4514-8E0B-BBBAB53886D2}
	EndGlobalSection
EndGlobal
