
Microsoft Visual Studio Solution File, Format Version 12.00
# Visual Studio Version 17
VisualStudioVersion = 17.6.33815.320
MinimumVisualStudioVersion = 10.0.40219.1
Project("{FAE04EC0-301F-11D3-BF4B-00C04F79EFBC}") = "Phase1Section4.13", "Phase1Section4.13\Phase1Section4.13.csproj", "{BADD55D3-77B2-455F-92BB-17A536665EBC}"
EndProject
Global
	GlobalSection(SolutionConfigurationPlatforms) = preSolution
		Debug|Any CPU = Debug|Any CPU
		Release|Any CPU = Release|Any CPU
	EndGlobalSection
	GlobalSection(ProjectConfigurationPlatforms) = postSolution
		{BADD55D3-77B2-455F-92BB-17A536665EBC}.Debug|Any CPU.ActiveCfg = Debug|Any CPU
		{BADD55D3-77B2-455F-92BB-17A536665EBC}.Debug|Any CPU.Build.0 = Debug|Any CPU
		{BADD55D3-77B2-455F-92BB-17A536665EBC}.Release|Any CPU.ActiveCfg = Release|Any CPU
		{BADD55D3-77B2-455F-92BB-17A536665EBC}.Release|Any CPU.Build.0 = Release|Any CPU
	EndGlobalSection
	GlobalSection(SolutionProperties) = preSolution
		HideSolutionNode = FALSE
	EndGlobalSection
	GlobalSection(ExtensibilityGlobals) = postSolution
		SolutionGuid = {B6DFC788-06F4-4893-9C5D-40062490CA8D}
	EndGlobalSection
EndGlobal
