
Microsoft Visual Studio Solution File, Format Version 12.00
# Visual Studio Version 17
VisualStudioVersion = 17.6.33815.320
MinimumVisualStudioVersion = 10.0.40219.1
Project("{FAE04EC0-301F-11D3-BF4B-00C04F79EFBC}") = "Phase1Section4.21", "Phase1Section4.21\Phase1Section4.21.csproj", "{9DDCD24D-22FB-46A4-9CE8-BA2CCD40722E}"
EndProject
Global
	GlobalSection(SolutionConfigurationPlatforms) = preSolution
		Debug|Any CPU = Debug|Any CPU
		Release|Any CPU = Release|Any CPU
	EndGlobalSection
	GlobalSection(ProjectConfigurationPlatforms) = postSolution
		{9DDCD24D-22FB-46A4-9CE8-BA2CCD40722E}.Debug|Any CPU.ActiveCfg = Debug|Any CPU
		{9DDCD24D-22FB-46A4-9CE8-BA2CCD40722E}.Debug|Any CPU.Build.0 = Debug|Any CPU
		{9DDCD24D-22FB-46A4-9CE8-BA2CCD40722E}.Release|Any CPU.ActiveCfg = Release|Any CPU
		{9DDCD24D-22FB-46A4-9CE8-BA2CCD40722E}.Release|Any CPU.Build.0 = Release|Any CPU
	EndGlobalSection
	GlobalSection(SolutionProperties) = preSolution
		HideSolutionNode = FALSE
	EndGlobalSection
	GlobalSection(ExtensibilityGlobals) = postSolution
		SolutionGuid = {F1DA0037-CF54-468B-B22A-02BB16FE6062}
	EndGlobalSection
EndGlobal
